// !$*UTF8*$!
{
	archiveVersion = 1;
	classes = {
	};
	objectVersion = 46;
	objects = {

/* Begin PBXBuildFile section */
		E97148B91F19BB5F00051CF8 /* main.m in Sources */ = {isa = PBXBuildFile; fileRef = E97148B81F19BB5F00051CF8 /* main.m */; };
		E97148BC1F19BB5F00051CF8 /* AppDelegate.m in Sources */ = {isa = PBXBuildFile; fileRef = E97148BB1F19BB5F00051CF8 /* AppDelegate.m */; };
		E97148BF1F19BB5F00051CF8 /* ViewController.m in Sources */ = {isa = PBXBuildFile; fileRef = E97148BE1F19BB5F00051CF8 /* ViewController.m */; };
		E97148C21F19BB5F00051CF8 /* Main.storyboard in Resources */ = {isa = PBXBuildFile; fileRef = E97148C01F19BB5F00051CF8 /* Main.storyboard */; };
		E97148C41F19BB5F00051CF8 /* Assets.xcassets in Resources */ = {isa = PBXBuildFile; fileRef = E97148C31F19BB5F00051CF8 /* Assets.xcassets */; };
		E97148C71F19BB5F00051CF8 /* LaunchScreen.storyboard in Resources */ = {isa = PBXBuildFile; fileRef = E97148C51F19BB5F00051CF8 /* LaunchScreen.storyboard */; };
		E97148D21F19BB5F00051CF8 /* __1Tests.m in Sources */ = {isa = PBXBuildFile; fileRef = E97148D11F19BB5F00051CF8 /* __1Tests.m */; };
		E97148DD1F19BB5F00051CF8 /* __1UITests.m in Sources */ = {isa = PBXBuildFile; fileRef = E97148DC1F19BB5F00051CF8 /* __1UITests.m */; };
/* End PBXBuildFile section */

/* Begin PBXContainerItemProxy section */
		E97148CE1F19BB5F00051CF8 /* PBXContainerItemProxy */ = {
			isa = PBXContainerItemProxy;
			containerPortal = E97148AC1F19BB5F00051CF8 /* Project object */;
			proxyType = 1;
			remoteGlobalIDString = E97148B31F19BB5F00051CF8;
			remoteInfo = "测试1";
		};
		E97148D91F19BB5F00051CF8 /* PBXContainerItemProxy */ = {
			isa = PBXContainerItemProxy;
			containerPortal = E97148AC1F19BB5F00051CF8 /* Project object */;
			proxyType = 1;
			remoteGlobalIDString = E97148B31F19BB5F00051CF8;
			remoteInfo = "测试1";
		};
/* End PBXContainerItemProxy section */

/* Begin PBXFileReference section */
		E97148B41F19BB5F00051CF8 /* 测试1.app */ = {isa = PBXFileReference; explicitFileType = wrapper.application; includeInIndex = 0; path = "测试1.app"; sourceTree = BUILT_PRODUCTS_DIR; };
		E97148B81F19BB5F00051CF8 /* main.m */ = {isa = PBXFileReference; lastKnownFileType = sourcecode.c.objc; path = main.m; sourceTree = "<group>"; };
		E97148BA1F19BB5F00051CF8 /* AppDelegate.h */ = {isa = PBXFileReference; lastKnownFileType = sourcecode.c.h; path = AppDelegate.h; sourceTree = "<group>"; };
		E97148BB1F19BB5F00051CF8 /* AppDelegate.m */ = {isa = PBXFileReference; lastKnownFileType = sourcecode.c.objc; path = AppDelegate.m; sourceTree = "<group>"; };
		E97148BD1F19BB5F00051CF8 /* ViewController.h */ = {isa = PBXFileReference; lastKnownFileType = sourcecode.c.h; path = ViewController.h; sourceTree = "<group>"; };
		E97148BE1F19BB5F00051CF8 /* ViewController.m */ = {isa = PBXFileReference; lastKnownFileType = sourcecode.c.objc; path = ViewController.m; sourceTree = "<group>"; };
		E97148C11F19BB5F00051CF8 /* Base */ = {isa = PBXFileReference; lastKnownFileType = file.storyboard; name = Base; path = Base.lproj/Main.storyboard; sourceTree = "<group>"; };
		E97148C31F19BB5F00051CF8 /* Assets.xcassets */ = {isa = PBXFileReference; lastKnownFileType = folder.assetcatalog; path = Assets.xcassets; sourceTree = "<group>"; };
		E97148C61F19BB5F00051CF8 /* Base */ = {isa = PBXFileReference; lastKnownFileType = file.storyboard; name = Base; path = Base.lproj/LaunchScreen.storyboard; sourceTree = "<group>"; };
		E97148C81F19BB5F00051CF8 /* Info.plist */ = {isa = PBXFileReference; lastKnownFileType = text.plist.xml; path = Info.plist; sourceTree = "<group>"; };
		E97148CD1F19BB5F00051CF8 /* 测试1Tests.xctest */ = {isa = PBXFileReference; explicitFileType = wrapper.cfbundle; includeInIndex = 0; path = "测试1Tests.xctest"; sourceTree = BUILT_PRODUCTS_DIR; };
		E97148D11F19BB5F00051CF8 /* __1Tests.m */ = {isa = PBXFileReference; lastKnownFileType = sourcecode.c.objc; path = __1Tests.m; sourceTree = "<group>"; };
		E97148D31F19BB5F00051CF8 /* Info.plist */ = {isa = PBXFileReference; lastKnownFileType = text.plist.xml; path = Info.plist; sourceTree = "<group>"; };
		E97148D81F19BB5F00051CF8 /* 测试1UITests.xctest */ = {isa = PBXFileReference; explicitFileType = wrapper.cfbundle; includeInIndex = 0; path = "测试1UITests.xctest"; sourceTree = BUILT_PRODUCTS_DIR; };
		E97148DC1F19BB5F00051CF8 /* __1UITests.m */ = {isa = PBXFileReference; lastKnownFileType = sourcecode.c.objc; path = __1UITests.m; sourceTree = "<group>"; };
		E97148DE1F19BB5F00051CF8 /* Info.plist */ = {isa = PBXFileReference; lastKnownFileType = text.plist.xml; path = Info.plist; sourceTree = "<group>"; };
/* End PBXFileReference section */

/* Begin PBXFrameworksBuildPhase section */
		E97148B11F19BB5F00051CF8 /* Frameworks */ = {
			isa = PBXFrameworksBuildPhase;
			buildActionMask = 2147483647;
			files = (
			);
			runOnlyForDeploymentPostprocessing = 0;
		};
		E97148CA1F19BB5F00051CF8 /* Frameworks */ = {
			isa = PBXFrameworksBuildPhase;
			buildActionMask = 2147483647;
			files = (
			);
			runOnlyForDeploymentPostprocessing = 0;
		};
		E97148D51F19BB5F00051CF8 /* Frameworks */ = {
			isa = PBXFrameworksBuildPhase;
			buildActionMask = 2147483647;
			files = (
			);
			runOnlyForDeploymentPostprocessing = 0;
		};
/* End PBXFrameworksBuildPhase section */

/* Begin PBXGroup section */
		E97148AB1F19BB5F00051CF8 = {
			isa = PBXGroup;
			children = (
				E97148B61F19BB5F00051CF8 /* 测试1 */,
				E97148D01F19BB5F00051CF8 /* 测试1Tests */,
				E97148DB1F19BB5F00051CF8 /* 测试1UITests */,
				E97148B51F19BB5F00051CF8 /* Products */,
			);
			sourceTree = "<group>";
		};
		E97148B51F19BB5F00051CF8 /* Products */ = {
			isa = PBXGroup;
			children = (
				E97148B41F19BB5F00051CF8 /* 测试1.app */,
				E97148CD1F19BB5F00051CF8 /* 测试1Tests.xctest */,
				E97148D81F19BB5F00051CF8 /* 测试1UITests.xctest */,
			);
			name = Products;
			sourceTree = "<group>";
		};
		E97148B61F19BB5F00051CF8 /* 测试1 */ = {
			isa = PBXGroup;
			children = (
				E97148BA1F19BB5F00051CF8 /* AppDelegate.h */,
				E97148BB1F19BB5F00051CF8 /* AppDelegate.m */,
				E97148BD1F19BB5F00051CF8 /* ViewController.h */,
				E97148BE1F19BB5F00051CF8 /* ViewController.m */,
				E97148C01F19BB5F00051CF8 /* Main.storyboard */,
				E97148C31F19BB5F00051CF8 /* Assets.xcassets */,
				E97148C51F19BB5F00051CF8 /* LaunchScreen.storyboard */,
				E97148C81F19BB5F00051CF8 /* Info.plist */,
				E97148B71F19BB5F00051CF8 /* Supporting Files */,
			);
			path = "测试1";
			sourceTree = "<group>";
		};
		E97148B71F19BB5F00051CF8 /* Supporting Files */ = {
			isa = PBXGroup;
			children = (
				E97148B81F19BB5F00051CF8 /* main.m */,
			);
			name = "Supporting Files";
			sourceTree = "<group>";
		};
		E97148D01F19BB5F00051CF8 /* 测试1Tests */ = {
			isa = PBXGroup;
			children = (
				E97148D11F19BB5F00051CF8 /* __1Tests.m */,
				E97148D31F19BB5F00051CF8 /* Info.plist */,
			);
			path = "测试1Tests";
			sourceTree = "<group>";
		};
		E97148DB1F19BB5F00051CF8 /* 测试1UITests */ = {
			isa = PBXGroup;
			children = (
				E97148DC1F19BB5F00051CF8 /* __1UITests.m */,
				E97148DE1F19BB5F00051CF8 /* Info.plist */,
			);
			path = "测试1UITests";
			sourceTree = "<group>";
		};
/* End PBXGroup section */

/* Begin PBXNativeTarget section */
		E97148B31F19BB5F00051CF8 /* 测试1 */ = {
			isa = PBXNativeTarget;
			buildConfigurationList = E97148E11F19BB5F00051CF8 /* Build configuration list for PBXNativeTarget "测试1" */;
			buildPhases = (
				E97148B01F19BB5F00051CF8 /* Sources */,
				E97148B11F19BB5F00051CF8 /* Frameworks */,
				E97148B21F19BB5F00051CF8 /* Resources */,
			);
			buildRules = (
			);
			dependencies = (
			);
			name = "测试1";
			productName = "测试1";
			productReference = E97148B41F19BB5F00051CF8 /* 测试1.app */;
			productType = "com.apple.product-type.application";
		};
		E97148CC1F19BB5F00051CF8 /* 测试1Tests */ = {
			isa = PBXNativeTarget;
			buildConfigurationList = E97148E41F19BB5F00051CF8 /* Build configuration list for PBXNativeTarget "测试1Tests" */;
			buildPhases = (
				E97148C91F19BB5F00051CF8 /* Sources */,
				E97148CA1F19BB5F00051CF8 /* Frameworks */,
				E97148CB1F19BB5F00051CF8 /* Resources */,
			);
			buildRules = (
			);
			dependencies = (
				E97148CF1F19BB5F00051CF8 /* PBXTargetDependency */,
			);
			name = "测试1Tests";
			productName = "测试1Tests";
			productReference = E97148CD1F19BB5F00051CF8 /* 测试1Tests.xctest */;
			productType = "com.apple.product-type.bundle.unit-test";
		};
		E97148D71F19BB5F00051CF8 /* 测试1UITests */ = {
			isa = PBXNativeTarget;
			buildConfigurationList = E97148E71F19BB5F00051CF8 /* Build configuration list for PBXNativeTarget "测试1UITests" */;
			buildPhases = (
				E97148D41F19BB5F00051CF8 /* Sources */,
				E97148D51F19BB5F00051CF8 /* Frameworks */,
				E97148D61F19BB5F00051CF8 /* Resources */,
			);
			buildRules = (
			);
			dependencies = (
				E97148DA1F19BB5F00051CF8 /* PBXTargetDependency */,
			);
			name = "测试1UITests";
			productName = "测试1UITests";
			productReference = E97148D81F19BB5F00051CF8 /* 测试1UITests.xctest */;
			productType = "com.apple.product-type.bundle.ui-testing";
		};
/* End PBXNativeTarget section */

/* Begin PBXProject section */
		E97148AC1F19BB5F00051CF8 /* Project object */ = {
			isa = PBXProject;
			attributes = {
				LastUpgradeCheck = 0830;
				ORGANIZATIONNAME = "腾庆阳";
				TargetAttributes = {
					E97148B31F19BB5F00051CF8 = {
						CreatedOnToolsVersion = 8.3.3;
						DevelopmentTeam = FS72US6ZPW;
						ProvisioningStyle = Automatic;
					};
					E97148CC1F19BB5F00051CF8 = {
						CreatedOnToolsVersion = 8.3.3;
						DevelopmentTeam = 93E79WQ8W9;
						ProvisioningStyle = Automatic;
						TestTargetID = E97148B31F19BB5F00051CF8;
					};
					E97148D71F19BB5F00051CF8 = {
						CreatedOnToolsVersion = 8.3.3;
						DevelopmentTeam = 93E79WQ8W9;
						ProvisioningStyle = Automatic;
						TestTargetID = E97148B31F19BB5F00051CF8;
					};
				};
			};
			buildConfigurationList = E97148AF1F19BB5F00051CF8 /* Build configuration list for PBXProject "测试1" */;
			compatibilityVersion = "Xcode 3.2";
			developmentRegion = English;
			hasScannedForEncodings = 0;
			knownRegions = (
				en,
				Base,
			);
			mainGroup = E97148AB1F19BB5F00051CF8;
			productRefGroup = E97148B51F19BB5F00051CF8 /* Products */;
			projectDirPath = "";
			projectRoot = "";
			targets = (
				E97148B31F19BB5F00051CF8 /* 测试1 */,
				E97148CC1F19BB5F00051CF8 /* 测试1Tests */,
				E97148D71F19BB5F00051CF8 /* 测试1UITests */,
			);
		};
/* End PBXProject section */

/* Begin PBXResourcesBuildPhase section */
		E97148B21F19BB5F00051CF8 /* Resources */ = {
			isa = PBXResourcesBuildPhase;
			buildActionMask = 2147483647;
			files = (
				E97148C71F19BB5F00051CF8 /* LaunchScreen.storyboard in Resources */,
				E97148C41F19BB5F00051CF8 /* Assets.xcassets in Resources */,
				E97148C21F19BB5F00051CF8 /* Main.storyboard in Resources */,
			);
			runOnlyForDeploymentPostprocessing = 0;
		};
		E97148CB1F19BB5F00051CF8 /* Resources */ = {
			isa = PBXResourcesBuildPhase;
			buildActionMask = 2147483647;
			files = (
			);
			runOnlyForDeploymentPostprocessing = 0;
		};
		E97148D61F19BB5F00051CF8 /* Resources */ = {
			isa = PBXResourcesBuildPhase;
			buildActionMask = 2147483647;
			files = (
			);
			runOnlyForDeploymentPostprocessing = 0;
		};
/* End PBXResourcesBuildPhase section */

/* Begin PBXSourcesBuildPhase section */
		E97148B01F19BB5F00051CF8 /* Sources */ = {
			isa = PBXSourcesBuildPhase;
			buildActionMask = 2147483647;
			files = (
				E97148BF1F19BB5F00051CF8 /* ViewController.m in Sources */,
				E97148BC1F19BB5F00051CF8 /* AppDelegate.m in Sources */,
				E97148B91F19BB5F00051CF8 /* main.m in Sources */,
			);
			runOnlyForDeploymentPostprocessing = 0;
		};
		E97148C91F19BB5F00051CF8 /* Sources */ = {
			isa = PBXSourcesBuildPhase;
			buildActionMask = 2147483647;
			files = (
				E97148D21F19BB5F00051CF8 /* __1Tests.m in Sources */,
			);
			runOnlyForDeploymentPostprocessing = 0;
		};
		E97148D41F19BB5F00051CF8 /* Sources */ = {
			isa = PBXSourcesBuildPhase;
			buildActionMask = 2147483647;
			files = (
				E97148DD1F19BB5F00051CF8 /* __1UITests.m in Sources */,
			);
			runOnlyForDeploymentPostprocessing = 0;
		};
/* End PBXSourcesBuildPhase section */

/* Begin PBXTargetDependency section */
		E97148CF1F19BB5F00051CF8 /* PBXTargetDependency */ = {
			isa = PBXTargetDependency;
			target = E97148B31F19BB5F00051CF8 /* 测试1 */;
			targetProxy = E97148CE1F19BB5F00051CF8 /* PBXContainerItemProxy */;
		};
		E97148DA1F19BB5F00051CF8 /* PBXTargetDependency */ = {
			isa = PBXTargetDependency;
			target = E97148B31F19BB5F00051CF8 /* 测试1 */;
			targetProxy = E97148D91F19BB5F00051CF8 /* PBXContainerItemProxy */;
		};
/* End PBXTargetDependency section */

/* Begin PBXVariantGroup section */
		E97148C01F19BB5F00051CF8 /* Main.storyboard */ = {
			isa = PBXVariantGroup;
			children = (
				E97148C11F19BB5F00051CF8 /* Base */,
			);
			name = Main.storyboard;
			sourceTree = "<group>";
		};
		E97148C51F19BB5F00051CF8 /* LaunchScreen.storyboard */ = {
			isa = PBXVariantGroup;
			children = (
				E97148C61F19BB5F00051CF8 /* Base */,
			);
			name = LaunchScreen.storyboard;
			sourceTree = "<group>";
		};
/* End PBXVariantGroup section */

/* Begin XCBuildConfiguration section */
		E97148DF1F19BB5F00051CF8 /* Debug */ = {
			isa = XCBuildConfiguration;
			buildSettings = {
				ALWAYS_SEARCH_USER_PATHS = NO;
				CLANG_ANALYZER_NONNULL = YES;
				CLANG_ANALYZER_NUMBER_OBJECT_CONVERSION = YES_AGGRESSIVE;
				CLANG_CXX_LANGUAGE_STANDARD = "gnu++0x";
				CLANG_CXX_LIBRARY = "libc++";
				CLANG_ENABLE_MODULES = YES;
				CLANG_ENABLE_OBJC_ARC = YES;
				CLANG_WARN_BOOL_CONVERSION = YES;
				CLANG_WARN_CONSTANT_CONVERSION = YES;
				CLANG_WARN_DIRECT_OBJC_ISA_USAGE = YES_ERROR;
				CLANG_WARN_DOCUMENTATION_COMMENTS = YES;
				CLANG_WARN_EMPTY_BODY = YES;
				CLANG_WARN_ENUM_CONVERSION = YES;
				CLANG_WARN_INFINITE_RECURSION = YES;
				CLANG_WARN_INT_CONVERSION = YES;
				CLANG_WARN_OBJC_ROOT_CLASS = YES_ERROR;
				CLANG_WARN_SUSPICIOUS_MOVE = YES;
				CLANG_WARN_UNREACHABLE_CODE = YES;
				CLANG_WARN__DUPLICATE_METHOD_MATCH = YES;
				"CODE_SIGN_IDENTITY[sdk=iphoneos*]" = "iPhone Developer";
				COPY_PHASE_STRIP = NO;
				DEBUG_INFORMATION_FORMAT = dwarf;
				ENABLE_STRICT_OBJC_MSGSEND = YES;
				ENABLE_TESTABILITY = YES;
				GCC_C_LANGUAGE_STANDARD = gnu99;
				GCC_DYNAMIC_NO_PIC = NO;
				GCC_NO_COMMON_BLOCKS = YES;
				GCC_OPTIMIZATION_LEVEL = 0;
				GCC_PREPROCESSOR_DEFINITIONS = (
					"DEBUG=1",
					"$(inherited)",
				);
				GCC_WARN_64_TO_32_BIT_CONVERSION = YES;
				GCC_WARN_ABOUT_RETURN_TYPE = YES_ERROR;
				GCC_WARN_UNDECLARED_SELECTOR = YES;
				GCC_WARN_UNINITIALIZED_AUTOS = YES_AGGRESSIVE;
				GCC_WARN_UNUSED_FUNCTION = YES;
				GCC_WARN_UNUSED_VARIABLE = YES;
				IPHONEOS_DEPLOYMENT_TARGET = 10.3;
				MTL_ENABLE_DEBUG_INFO = YES;
				ONLY_ACTIVE_ARCH = YES;
				SDKROOT = iphoneos;
				TARGETED_DEVICE_FAMILY = "1,2";
			};
			name = Debug;
		};
		E97148E01F19BB5F00051CF8 /* Release */ = {
			isa = XCBuildConfiguration;
			buildSettings = {
				ALWAYS_SEARCH_USER_PATHS = NO;
				CLANG_ANALYZER_NONNULL = YES;
				CLANG_ANALYZER_NUMBER_OBJECT_CONVERSION = YES_AGGRESSIVE;
				CLANG_CXX_LANGUAGE_STANDARD = "gnu++0x";
				CLANG_CXX_LIBRARY = "libc++";
				CLANG_ENABLE_MODULES = YES;
				CLANG_ENABLE_OBJC_ARC = YES;
				CLANG_WARN_BOOL_CONVERSION = YES;
				CLANG_WARN_CONSTANT_CONVERSION = YES;
				CLANG_WARN_DIRECT_OBJC_ISA_USAGE = YES_ERROR;
				CLANG_WARN_DOCUMENTATION_COMMENTS = YES;
				CLANG_WARN_EMPTY_BODY = YES;
				CLANG_WARN_ENUM_CONVERSION = YES;
				CLANG_WARN_INFINITE_RECURSION = YES;
				CLANG_WARN_INT_CONVERSION = YES;
				CLANG_WARN_OBJC_ROOT_CLASS = YES_ERROR;
				CLANG_WARN_SUSPICIOUS_MOVE = YES;
				CLANG_WARN_UNREACHABLE_CODE = YES;
				CLANG_WARN__DUPLICATE_METHOD_MATCH = YES;
				"CODE_SIGN_IDENTITY[sdk=iphoneos*]" = "iPhone Developer";
				COPY_PHASE_STRIP = NO;
				DEBUG_INFORMATION_FORMAT = "dwarf-with-dsym";
				ENABLE_NS_ASSERTIONS = NO;
				ENABLE_STRICT_OBJC_MSGSEND = YES;
				GCC_C_LANGUAGE_STANDARD = gnu99;
				GCC_NO_COMMON_BLOCKS = YES;
				GCC_WARN_64_TO_32_BIT_CONVERSION = YES;
				GCC_WARN_ABOUT_RETURN_TYPE = YES_ERROR;
				GCC_WARN_UNDECLARED_SELECTOR = YES;
				GCC_WARN_UNINITIALIZED_AUTOS = YES_AGGRESSIVE;
				GCC_WARN_UNUSED_FUNCTION = YES;
				GCC_WARN_UNUSED_VARIABLE = YES;
				IPHONEOS_DEPLOYMENT_TARGET = 10.3;
				MTL_ENABLE_DEBUG_INFO = NO;
				SDKROOT = iphoneos;
				TARGETED_DEVICE_FAMILY = "1,2";
				VALIDATE_PRODUCT = YES;
			};
			name = Release;
		};
		E97148E21F19BB5F00051CF8 /* Debug */ = {
			isa = XCBuildConfiguration;
			buildSettings = {
				ASSETCATALOG_COMPILER_APPICON_NAME = AppIcon;
				DEVELOPMENT_TEAM = FS72US6ZPW;
				INFOPLIST_FILE = "测试1/Info.plist";
				LD_RUNPATH_SEARCH_PATHS = "$(inherited) @executable_path/Frameworks";
				PRODUCT_BUNDLE_IDENTIFIER = "asdas.ssss.122144.--1";
				PRODUCT_NAME = "$(TARGET_NAME)";
			};
			name = Debug;
		};
		E97148E31F19BB5F00051CF8 /* Release */ = {
			isa = XCBuildConfiguration;
			buildSettings = {
				ASSETCATALOG_COMPILER_APPICON_NAME = AppIcon;
				DEVELOPMENT_TEAM = FS72US6ZPW;
				INFOPLIST_FILE = "测试1/Info.plist";
				LD_RUNPATH_SEARCH_PATHS = "$(inherited) @executable_path/Frameworks";
				PRODUCT_BUNDLE_IDENTIFIER = "asdas.ssss.122144.--1";
				PRODUCT_NAME = "$(TARGET_NAME)";
			};
			name = Release;
		};
		E97148E51F19BB5F00051CF8 /* Debug */ = {
			isa = XCBuildConfiguration;
			buildSettings = {
				BUNDLE_LOADER = "$(TEST_HOST)";
				DEVELOPMENT_TEAM = 93E79WQ8W9;
				INFOPLIST_FILE = "测试1Tests/Info.plist";
				LD_RUNPATH_SEARCH_PATHS = "$(inherited) @executable_path/Frameworks @loader_path/Frameworks";
				PRODUCT_BUNDLE_IDENTIFIER = "asdas.ssss.122144.--1Tests";
				PRODUCT_NAME = "$(TARGET_NAME)";
				TEST_HOST = "$(BUILT_PRODUCTS_DIR)/测试1.app/测试1";
			};
			name = Debug;
		};
		E97148E61F19BB5F00051CF8 /* Release */ = {
			isa = XCBuildConfiguration;
			buildSettings = {
				BUNDLE_LOADER = "$(TEST_HOST)";
				DEVELOPMENT_TEAM = 93E79WQ8W9;
				INFOPLIST_FILE = "测试1Tests/Info.plist";
				LD_RUNPATH_SEARCH_PATHS = "$(inherited) @executable_path/Frameworks @loader_path/Frameworks";
				PRODUCT_BUNDLE_IDENTIFIER = "asdas.ssss.122144.--1Tests";
				PRODUCT_NAME = "$(TARGET_NAME)";
				TEST_HOST = "$(BUILT_PRODUCTS_DIR)/测试1.app/测试1";
			};
			name = Release;
		};
		E97148E81F19BB5F00051CF8 /* Debug */ = {
			isa = XCBuildConfiguration;
			buildSettings = {
				DEVELOPMENT_TEAM = 93E79WQ8W9;
				INFOPLIST_FILE = "测试1UITests/Info.plist";
				LD_RUNPATH_SEARCH_PATHS = "$(inherited) @executable_path/Frameworks @loader_path/Frameworks";
				PRODUCT_BUNDLE_IDENTIFIER = "asdas.ssss.122144.--1UITests";
				PRODUCT_NAME = "$(TARGET_NAME)";
				TEST_TARGET_NAME = "测试1";
			};
			name = Debug;
		};
		E97148E91F19BB5F00051CF8 /* Release */ = {
			isa = XCBuildConfiguration;
			buildSettings = {
				DEVELOPMENT_TEAM = 93E79WQ8W9;
				INFOPLIST_FILE = "测试1UITests/Info.plist";
				LD_RUNPATH_SEARCH_PATHS = "$(inherited) @executable_path/Frameworks @loader_path/Frameworks";
				PRODUCT_BUNDLE_IDENTIFIER = "asdas.ssss.122144.--1UITests";
				PRODUCT_NAME = "$(TARGET_NAME)";
				TEST_TARGET_NAME = "测试1";
			};
			name = Release;
		};
/* End XCBuildConfiguration section */

/* Begin XCConfigurationList section */
		E97148AF1F19BB5F00051CF8 /* Build configuration list for PBXProject "测试1" */ = {
			isa = XCConfigurationList;
			buildConfigurations = (
				E97148DF1F19BB5F00051CF8 /* Debug */,
				E97148E01F19BB5F00051CF8 /* Release */,
			);
			defaultConfigurationIsVisible = 0;
			defaultConfigurationName = Release;
		};
		E97148E11F19BB5F00051CF8 /* Build configuration list for PBXNativeTarget "测试1" */ = {
			isa = XCConfigurationList;
			buildConfigurations = (
				E97148E21F19BB5F00051CF8 /* Debug */,
				E97148E31F19BB5F00051CF8 /* Release */,
			);
			defaultConfigurationIsVisible = 0;
		};
		E97148E41F19BB5F00051CF8 /* Build configuration list for PBXNativeTarget "测试1Tests" */ = {
			isa = XCConfigurationList;
			buildConfigurations = (
				E97148E51F19BB5F00051CF8 /* Debug */,
				E97148E61F19BB5F00051CF8 /* Release */,
			);
			defaultConfigurationIsVisible = 0;
		};
		E97148E71F19BB5F00051CF8 /* Build configuration list for PBXNativeTarget "测试1UITests" */ = {
			isa = XCConfigurationList;
			buildConfigurations = (
				E97148E81F19BB5F00051CF8 /* Debug */,
				E97148E91F19BB5F00051CF8 /* Release */,
			);
			defaultConfigurationIsVisible = 0;
		};
/* End XCConfigurationList section */
	};
	rootObject = E97148AC1F19BB5F00051CF8 /* Project object */;
}
